
Microsoft Visual Studio Solution File, Format Version 12.00
# Visual Studio Version 17
VisualStudioVersion = 17.10.35201.131
MinimumVisualStudioVersion = 10.0.40219.1
Project("{FAE04EC0-301F-11D3-BF4B-00C04F79EFBC}") = "BrandonHProfile210", "BrandonHProfile210\BrandonHProfile210.csproj", "{01097449-9FE1-4484-98E7-F79685319F72}"
EndProject
Global
	GlobalSection(SolutionConfigurationPlatforms) = preSolution
		Debug|Any CPU = Debug|Any CPU
		Release|Any CPU = Release|Any CPU
	EndGlobalSection
	GlobalSection(ProjectConfigurationPlatforms) = postSolution
		{01097449-9FE1-4484-98E7-F79685319F72}.Debug|Any CPU.ActiveCfg = Debug|Any CPU
		{01097449-9FE1-4484-98E7-F79685319F72}.Debug|Any CPU.Build.0 = Debug|Any CPU
		{01097449-9FE1-4484-98E7-F79685319F72}.Release|Any CPU.ActiveCfg = Release|Any CPU
		{01097449-9FE1-4484-98E7-F79685319F72}.Release|Any CPU.Build.0 = Release|Any CPU
	EndGlobalSection
	GlobalSection(SolutionProperties) = preSolution
		HideSolutionNode = FALSE
	EndGlobalSection
	GlobalSection(ExtensibilityGlobals) = postSolution
		SolutionGuid = {7A5BBF45-ECFA-496F-9D28-F145CA3E11BF}
	EndGlobalSection
EndGlobal
